name = "itsfrank/frktmpl"
version = "0.1.0"
target = "lune"

[graph."itsfrank/frktest"."0.0.1 lune"]
direct = ["frktest", { name = "itsfrank/frktest", version = "^0.0.1" }]
ty = "dev"

[graph."itsfrank/frktest"."0.0.1 lune".target]
environment = "lune"
lib = "src/_pesde_init.luau"

[graph."itsfrank/frktest"."0.0.1 lune".pkg_ref]
ref_ty = "pesde"
name = "itsfrank/frktest"
version = "0.0.1"
index_url = "https://github.com/daimond113/pesde-index"

[graph."itsfrank/frktest"."0.0.1 lune".pkg_ref.target]
environment = "lune"
lib = "src/_pesde_init.luau"
